{
    "version": 3,
    "terraform_version": "0.11.11",
    "serial": 9,
    "lineage": "a3e7fc5e-8d97-5d65-cae8-69aea4248157",
    "modules": [
        {
            "path": [
                "root"
            ],
            "outputs": {},
            "resources": {
                "aws_iam_instance_profile.adm_inst_profile": {
                    "type": "aws_iam_instance_profile",
                    "depends_on": [],
                    "primary": {
                        "id": "adm_instance_profile",
                        "attributes": {
                            "arn": "arn:aws:iam::313263857607:instance-profile/adm_instance_profile",
                            "create_date": "2019-05-15T05:20:53Z",
                            "id": "adm_instance_profile",
                            "name": "adm_instance_profile",
                            "path": "/",
                            "role": "eks-admin",
                            "roles.#": "0",
                            "unique_id": "AIPAUR373D7DYCHREA334"
                        },
                        "meta": {},
                        "tainted": false
                    },
                    "deposed": [],
                    "provider": "provider.aws"
                },
                "aws_instance.Build_Server": {
                    "type": "aws_instance",
                    "depends_on": [
                        "aws_iam_instance_profile.adm_inst_profile",
                        "aws_key_pair.doers_key",
                        "aws_security_group.jenkins_security_group"
                    ],
                    "primary": {
                        "id": "i-0debff32748cf3ec2",
                        "attributes": {
                            "ami": "ami-035be7bafff33b6b6",
                            "arn": "arn:aws:ec2:us-east-1:313263857607:instance/i-0debff32748cf3ec2",
                            "associate_public_ip_address": "true",
                            "availability_zone": "us-east-1a",
                            "cpu_core_count": "1",
                            "cpu_threads_per_core": "2",
                            "credit_specification.#": "1",
                            "credit_specification.0.cpu_credits": "unlimited",
                            "disable_api_termination": "false",
                            "ebs_block_device.#": "0",
                            "ebs_optimized": "false",
                            "ephemeral_block_device.#": "0",
                            "get_password_data": "false",
                            "iam_instance_profile": "adm_instance_profile",
                            "id": "i-0debff32748cf3ec2",
                            "instance_state": "running",
                            "instance_type": "t3.medium",
                            "ipv6_address_count": "0",
                            "ipv6_addresses.#": "0",
                            "key_name": "doers-aws-key",
                            "monitoring": "false",
                            "network_interface.#": "0",
                            "password_data": "",
                            "placement_group": "",
                            "primary_network_interface_id": "eni-04a7b40ec4b1dc022",
                            "private_dns": "ip-172-31-83-188.ec2.internal",
                            "private_ip": "172.31.83.188",
                            "public_dns": "ec2-54-172-135-69.compute-1.amazonaws.com",
                            "public_ip": "54.172.135.69",
                            "root_block_device.#": "1",
                            "root_block_device.0.delete_on_termination": "true",
                            "root_block_device.0.iops": "0",
                            "root_block_device.0.volume_id": "vol-0e74ea3129760a5a6",
                            "root_block_device.0.volume_size": "40",
                            "root_block_device.0.volume_type": "standard",
                            "security_groups.#": "1",
                            "security_groups.428693745": "Jenkins Security Group",
                            "source_dest_check": "true",
                            "subnet_id": "subnet-f98cc3d7",
                            "tags.%": "1",
                            "tags.Name": "Jenkins Server",
                            "tenancy": "default",
                            "volume_tags.%": "0",
                            "vpc_security_group_ids.#": "1",
                            "vpc_security_group_ids.3702603049": "sg-0ca92de064c898923"
                        },
                        "meta": {
                            "e2bfb730-ecaa-11e6-8f88-34363bc7c4c0": {
                                "create": 600000000000,
                                "delete": 1200000000000,
                                "update": 600000000000
                            },
                            "schema_version": "1"
                        },
                        "tainted": false
                    },
                    "deposed": [],
                    "provider": "provider.aws"
                },
                "aws_key_pair.doers_key": {
                    "type": "aws_key_pair",
                    "depends_on": [],
                    "primary": {
                        "id": "doers-aws-key",
                        "attributes": {
                            "fingerprint": "f1:63:67:c4:2c:c1:54:14:f9:72:c2:38:cf:ff:17:8d",
                            "id": "doers-aws-key",
                            "key_name": "doers-aws-key",
                            "public_key": "ssh-rsa AAAAB3NzaC1yc2EAAAADAQABAAABAQC8OPbNoeVTCSShQWQJTV1/A+CCAQB+KpL0EzNVWAKX+TnNeeRqG2s1hx2oC+VNnR2TOzoimcgBnkF9TPtk13rddMZ1rNDFrstAGvERVNAJyu4AOyMouDVFhFYcwTfdHry71kT0uyRjz2yrGOoflLZnPqq7Jw4l4sUBIgRRnsfEMPn7Vul/GZB1z9acgU/Kyo+AMxciozS8XyWfDcsy6KSyXqtI35jVbRFJtO8z1ArH1y9stSC22ZGWdD5aV49JJWjsE9cQXIGaVjgkU0cvVIPkJPn8n2EW5hbMHknC/xXcPFDnW6DCaSjODY96ysOXnGMNRw/PcEyRiBmqneRC6SLN dbustamante@localhost.localdomain"
                        },
                        "meta": {
                            "schema_version": "1"
                        },
                        "tainted": false
                    },
                    "deposed": [],
                    "provider": "provider.aws"
                },
                "aws_security_group.jenkins_security_group": {
                    "type": "aws_security_group",
                    "depends_on": [],
                    "primary": {
                        "id": "sg-0ca92de064c898923",
                        "attributes": {
                            "arn": "arn:aws:ec2:us-east-1:313263857607:security-group/sg-0ca92de064c898923",
                            "description": "Used for Jenkins Server",
                            "egress.#": "1",
                            "egress.482069346.cidr_blocks.#": "1",
                            "egress.482069346.cidr_blocks.0": "0.0.0.0/0",
                            "egress.482069346.description": "",
                            "egress.482069346.from_port": "0",
                            "egress.482069346.ipv6_cidr_blocks.#": "0",
                            "egress.482069346.prefix_list_ids.#": "0",
                            "egress.482069346.protocol": "-1",
                            "egress.482069346.security_groups.#": "0",
                            "egress.482069346.self": "false",
                            "egress.482069346.to_port": "0",
                            "id": "sg-0ca92de064c898923",
                            "ingress.#": "2",
                            "ingress.2541437006.cidr_blocks.#": "1",
                            "ingress.2541437006.cidr_blocks.0": "0.0.0.0/0",
                            "ingress.2541437006.description": "",
                            "ingress.2541437006.from_port": "22",
                            "ingress.2541437006.ipv6_cidr_blocks.#": "0",
                            "ingress.2541437006.prefix_list_ids.#": "0",
                            "ingress.2541437006.protocol": "tcp",
                            "ingress.2541437006.security_groups.#": "0",
                            "ingress.2541437006.self": "false",
                            "ingress.2541437006.to_port": "22",
                            "ingress.516175195.cidr_blocks.#": "1",
                            "ingress.516175195.cidr_blocks.0": "0.0.0.0/0",
                            "ingress.516175195.description": "",
                            "ingress.516175195.from_port": "8080",
                            "ingress.516175195.ipv6_cidr_blocks.#": "0",
                            "ingress.516175195.prefix_list_ids.#": "0",
                            "ingress.516175195.protocol": "tcp",
                            "ingress.516175195.security_groups.#": "0",
                            "ingress.516175195.self": "false",
                            "ingress.516175195.to_port": "8080",
                            "name": "Jenkins Security Group",
                            "owner_id": "313263857607",
                            "revoke_rules_on_delete": "false",
                            "tags.%": "0",
                            "vpc_id": "vpc-efcf5395"
                        },
                        "meta": {
                            "e2bfb730-ecaa-11e6-8f88-34363bc7c4c0": {
                                "create": 600000000000,
                                "delete": 600000000000
                            },
                            "schema_version": "1"
                        },
                        "tainted": false
                    },
                    "deposed": [],
                    "provider": "provider.aws"
                }
            },
            "depends_on": []
        }
    ]
}
